
Microsoft Visual Studio Solution File, Format Version 12.00
# Visual Studio Version 16
VisualStudioVersion = 16.0.31129.286
MinimumVisualStudioVersion = 10.0.40219.1
Project("{FAE04EC0-301F-11D3-BF4B-00C04F79EFBC}") = "Dashboard", "Dashboard.csproj", "{7303D45E-9D56-449A-93D8-F816916B2F1E}"
EndProject
Global
	GlobalSection(SolutionConfigurationPlatforms) = preSolution
		Debug|Any CPU = Debug|Any CPU
		Release|Any CPU = Release|Any CPU
	EndGlobalSection
	GlobalSection(ProjectConfigurationPlatforms) = postSolution
		{7303D45E-9D56-449A-93D8-F816916B2F1E}.Debug|Any CPU.ActiveCfg = Debug|Any CPU
		{7303D45E-9D56-449A-93D8-F816916B2F1E}.Debug|Any CPU.Build.0 = Debug|Any CPU
		{7303D45E-9D56-449A-93D8-F816916B2F1E}.Release|Any CPU.ActiveCfg = Release|Any CPU
		{7303D45E-9D56-449A-93D8-F816916B2F1E}.Release|Any CPU.Build.0 = Release|Any CPU
	EndGlobalSection
	GlobalSection(SolutionProperties) = preSolution
		HideSolutionNode = FALSE
	EndGlobalSection
	GlobalSection(ExtensibilityGlobals) = postSolution
		SolutionGuid = {BB3E227D-5803-49FE-A32C-D79E3EE8ED33}
	EndGlobalSection
EndGlobal
